
Microsoft Visual Studio Solution File, Format Version 12.00
# Visual Studio Version 17
VisualStudioVersion = 17.3.32922.545
MinimumVisualStudioVersion = 10.0.40219.1
Project("{9A19103F-16F7-4668-BE54-9A1E7A4F7556}") = "YUEX.OrderManagementProject.Entities", "YUEX.OrderManagementProject.Entities\YUEX.OrderManagementProject.Entities.csproj", "{7458BF91-4B03-4BF4-B0F6-CD064998B5F0}"
EndProject
Project("{9A19103F-16F7-4668-BE54-9A1E7A4F7556}") = "YUEX.OrderManagementProject.Repository", "YUEX.OrderManagementProject.Repository\YUEX.OrderManagementProject.Repository.csproj", "{236DEDD1-6492-4B7C-A766-45AB1686B900}"
EndProject
Project("{2150E333-8FDC-42A3-9474-1A3956D46DE8}") = "docker", "docker", "{B7B13435-0FC3-4851-8AB9-B59216BC281E}"
	ProjectSection(SolutionItems) = preProject
		docker-compose.yml = docker-compose.yml
	EndProjectSection
EndProject
Project("{9A19103F-16F7-4668-BE54-9A1E7A4F7556}") = "YUEX.OrderManagementProject.API", "YUEX.OrderManagementProject.API\YUEX.OrderManagementProject.API.csproj", "{93F2FBD6-1E7B-4900-806C-E8A774C4D92C}"
EndProject
Project("{9A19103F-16F7-4668-BE54-9A1E7A4F7556}") = "YUEX.OrderManagementProject.Business", "YUEX.OrderManagementProject.Business\YUEX.OrderManagementProject.Business.csproj", "{810FC4F1-219A-4DD6-80FC-7464A6AB6CAC}"
EndProject
Project("{9A19103F-16F7-4668-BE54-9A1E7A4F7556}") = "YUEX.OrderManagementProject.DataAccess", "YUEX.OrderManagementProject.DataAccess\YUEX.OrderManagementProject.DataAccess.csproj", "{DA4D9258-1481-4C52-908A-663F80545692}"
EndProject
Global
	GlobalSection(SolutionConfigurationPlatforms) = preSolution
		Debug|Any CPU = Debug|Any CPU
		Release|Any CPU = Release|Any CPU
	EndGlobalSection
	GlobalSection(ProjectConfigurationPlatforms) = postSolution
		{7458BF91-4B03-4BF4-B0F6-CD064998B5F0}.Debug|Any CPU.ActiveCfg = Debug|Any CPU
		{7458BF91-4B03-4BF4-B0F6-CD064998B5F0}.Debug|Any CPU.Build.0 = Debug|Any CPU
		{7458BF91-4B03-4BF4-B0F6-CD064998B5F0}.Release|Any CPU.ActiveCfg = Release|Any CPU
		{7458BF91-4B03-4BF4-B0F6-CD064998B5F0}.Release|Any CPU.Build.0 = Release|Any CPU
		{236DEDD1-6492-4B7C-A766-45AB1686B900}.Debug|Any CPU.ActiveCfg = Debug|Any CPU
		{236DEDD1-6492-4B7C-A766-45AB1686B900}.Debug|Any CPU.Build.0 = Debug|Any CPU
		{236DEDD1-6492-4B7C-A766-45AB1686B900}.Release|Any CPU.ActiveCfg = Release|Any CPU
		{236DEDD1-6492-4B7C-A766-45AB1686B900}.Release|Any CPU.Build.0 = Release|Any CPU
		{93F2FBD6-1E7B-4900-806C-E8A774C4D92C}.Debug|Any CPU.ActiveCfg = Debug|Any CPU
		{93F2FBD6-1E7B-4900-806C-E8A774C4D92C}.Debug|Any CPU.Build.0 = Debug|Any CPU
		{93F2FBD6-1E7B-4900-806C-E8A774C4D92C}.Release|Any CPU.ActiveCfg = Release|Any CPU
		{93F2FBD6-1E7B-4900-806C-E8A774C4D92C}.Release|Any CPU.Build.0 = Release|Any CPU
		{810FC4F1-219A-4DD6-80FC-7464A6AB6CAC}.Debug|Any CPU.ActiveCfg = Debug|Any CPU
		{810FC4F1-219A-4DD6-80FC-7464A6AB6CAC}.Debug|Any CPU.Build.0 = Debug|Any CPU
		{810FC4F1-219A-4DD6-80FC-7464A6AB6CAC}.Release|Any CPU.ActiveCfg = Release|Any CPU
		{810FC4F1-219A-4DD6-80FC-7464A6AB6CAC}.Release|Any CPU.Build.0 = Release|Any CPU
		{DA4D9258-1481-4C52-908A-663F80545692}.Debug|Any CPU.ActiveCfg = Debug|Any CPU
		{DA4D9258-1481-4C52-908A-663F80545692}.Debug|Any CPU.Build.0 = Debug|Any CPU
		{DA4D9258-1481-4C52-908A-663F80545692}.Release|Any CPU.ActiveCfg = Release|Any CPU
		{DA4D9258-1481-4C52-908A-663F80545692}.Release|Any CPU.Build.0 = Release|Any CPU
	EndGlobalSection
	GlobalSection(SolutionProperties) = preSolution
		HideSolutionNode = FALSE
	EndGlobalSection
	GlobalSection(ExtensibilityGlobals) = postSolution
		SolutionGuid = {0A26D6C9-3ADF-4863-883C-3B0360A1333C}
	EndGlobalSection
EndGlobal
